Microsoft Visual Studio Solution File, Format Version 12.00
# Visual Studio Version 17
VisualStudioVersion = 17.5.2.0
MinimumVisualStudioVersion = 10.0.40219.1
Project("{FAE04EC0-301F-11D3-BF4B-00C04F79EFBC}") = "DevotionalBlog.API", "DevotionalBlog.API\DevotionalBlog.API.csproj", "{3968F1D3-FBBA-8EE4-8683-98F66F65FFD1}"
EndProject
Project("{FAE04EC0-301F-11D3-BF4B-00C04F79EFBC}") = "DevotionalBlog.Services", "DevotionalBlog.Services\DevotionalBlog.Services.csproj", "{F1B282D1-D3CC-44D5-8F21-7AE6F492D7ED}"
EndProject
Global
	GlobalSection(SolutionConfigurationPlatforms) = preSolution
		Debug|Any CPU = Debug|Any CPU
		Release|Any CPU = Release|Any CPU
	EndGlobalSection
	GlobalSection(ProjectConfigurationPlatforms) = postSolution
		{3968F1D3-FBBA-8EE4-8683-98F66F65FFD1}.Debug|Any CPU.ActiveCfg = Debug|Any CPU
		{3968F1D3-FBBA-8EE4-8683-98F66F65FFD1}.Debug|Any CPU.Build.0 = Debug|Any CPU
		{3968F1D3-FBBA-8EE4-8683-98F66F65FFD1}.Release|Any CPU.ActiveCfg = Release|Any CPU
		{3968F1D3-FBBA-8EE4-8683-98F66F65FFD1}.Release|Any CPU.Build.0 = Release|Any CPU
		{F1B282D1-D3CC-44D5-8F21-7AE6F492D7ED}.Debug|Any CPU.ActiveCfg = Debug|Any CPU
		{F1B282D1-D3CC-44D5-8F21-7AE6F492D7ED}.Debug|Any CPU.Build.0 = Debug|Any CPU
		{F1B282D1-D3CC-44D5-8F21-7AE6F492D7ED}.Release|Any CPU.ActiveCfg = Release|Any CPU
		{F1B282D1-D3CC-44D5-8F21-7AE6F492D7ED}.Release|Any CPU.Build.0 = Release|Any CPU
	EndGlobalSection
	GlobalSection(SolutionProperties) = preSolution
		HideSolutionNode = FALSE
	EndGlobalSection
	GlobalSection(ExtensibilityGlobals) = postSolution
		SolutionGuid = {6B79BB50-1F4D-4241-92AB-89FDB34D52B7}
	EndGlobalSection
EndGlobal
